
Microsoft Visual Studio Solution File, Format Version 12.00
# Visual Studio 15
Project("{FAE04EC0-301F-11D3-BF4B-00C04F79EFBC}") = "UnityEngine.UI", "UnityEngine.UI.csproj", "{FF18C473-2350-A95A-1235-0E3DB9422418}"
EndProject
Project("{FAE04EC0-301F-11D3-BF4B-00C04F79EFBC}") = "Unity.RenderPipelines.Core.Runtime", "Unity.RenderPipelines.Core.Runtime.csproj", "{5201DC76-DA3F-7272-4F8E-FA2A488F3ED2}"
EndProject
Project("{FAE04EC0-301F-11D3-BF4B-00C04F79EFBC}") = "UnityEngine.TestRunner", "UnityEngine.TestRunner.csproj", "{CE50A288-C278-8834-1D15-F4D385148DC2}"
EndProject
Project("{FAE04EC0-301F-11D3-BF4B-00C04F79EFBC}") = "Unity.InputSystem", "Unity.InputSystem.csproj", "{0B0EF7AD-BC71-DF05-8172-C9BA6088C276}"
EndProject
Project("{FAE04EC0-301F-11D3-BF4B-00C04F79EFBC}") = "Unity.VisualScripting.State", "Unity.VisualScripting.State.csproj", "{CD3AED80-5B4E-3BA6-8EEA-3F739E3F495F}"
EndProject
Project("{FAE04EC0-301F-11D3-BF4B-00C04F79EFBC}") = "Unity.RenderPipelines.Universal.Runtime", "Unity.RenderPipelines.Universal.Runtime.csproj", "{5347F0A1-1031-C1C1-CF35-D97BAB99AD96}"
EndProject
Project("{FAE04EC0-301F-11D3-BF4B-00C04F79EFBC}") = "Unity.VisualScripting.Flow", "Unity.VisualScripting.Flow.csproj", "{90A5A5DF-B9D6-E8EF-1F96-39989E757C10}"
EndProject
Project("{FAE04EC0-301F-11D3-BF4B-00C04F79EFBC}") = "Unity.VisualScripting.Core", "Unity.VisualScripting.Core.csproj", "{03024883-B2E8-4ADC-3B73-EEB25FE6BCC0}"
EndProject
Project("{FAE04EC0-301F-11D3-BF4B-00C04F79EFBC}") = "Unity.2D.Animation.Runtime", "Unity.2D.Animation.Runtime.csproj", "{7FFD98C0-D0CB-855D-5388-D6D57E91B8AC}"
EndProject
Project("{FAE04EC0-301F-11D3-BF4B-00C04F79EFBC}") = "Unity.TextMeshPro", "Unity.TextMeshPro.csproj", "{03DEB7DE-8FA1-EC4C-08D2-B8675598D513}"
EndProject
Project("{FAE04EC0-301F-11D3-BF4B-00C04F79EFBC}") = "Unity.RenderPipeline.Universal.ShaderLibrary", "Unity.RenderPipeline.Universal.ShaderLibrary.csproj", "{D5F6D516-E763-CE4C-1BED-D45194A0F0C2}"
EndProject
Project("{FAE04EC0-301F-11D3-BF4B-00C04F79EFBC}") = "Unity.2D.SpriteShape.Runtime", "Unity.2D.SpriteShape.Runtime.csproj", "{9965DCF3-4152-4461-5C1C-237284604230}"
EndProject
Project("{FAE04EC0-301F-11D3-BF4B-00C04F79EFBC}") = "Unity.Burst", "Unity.Burst.csproj", "{1EB12D38-F5C4-DE45-4A0A-BAB1016E07D4}"
EndProject
Project("{FAE04EC0-301F-11D3-BF4B-00C04F79EFBC}") = "Unity.Timeline", "Unity.Timeline.csproj", "{D8F3A8EF-C700-FA4A-9F42-B06B84065BBC}"
EndProject
Project("{FAE04EC0-301F-11D3-BF4B-00C04F79EFBC}") = "Unity.Mathematics", "Unity.Mathematics.csproj", "{90F7AC4D-59BC-374F-0648-3CC900561EE3}"
EndProject
Project("{FAE04EC0-301F-11D3-BF4B-00C04F79EFBC}") = "Unity.2D.PixelPerfect", "Unity.2D.PixelPerfect.csproj", "{101734D6-F17F-8338-D4F3-5B43EA52B1E6}"
EndProject
Project("{FAE04EC0-301F-11D3-BF4B-00C04F79EFBC}") = "Unity.2D.IK.Runtime", "Unity.2D.IK.Runtime.csproj", "{A4CF536D-1B5D-313A-76F7-C6784EF2E07A}"
EndProject
Project("{FAE04EC0-301F-11D3-BF4B-00C04F79EFBC}") = "Unity.2D.Common.Runtime", "Unity.2D.Common.Runtime.csproj", "{F91A4FA8-1640-0729-416B-E52C731AB59E}"
EndProject
Project("{FAE04EC0-301F-11D3-BF4B-00C04F79EFBC}") = "Unity.2D.Tilemap.Extras", "Unity.2D.Tilemap.Extras.csproj", "{AC2BF1A7-D7AD-68D6-96A3-863BB4851FFA}"
EndProject
Project("{FAE04EC0-301F-11D3-BF4B-00C04F79EFBC}") = "Assembly-CSharp", "Assembly-CSharp.csproj", "{7A6D1B63-689C-B2E4-67E4-9F7A3BF16636}"
EndProject
Project("{FAE04EC0-301F-11D3-BF4B-00C04F79EFBC}") = "Unity.RenderPipelines.ShaderGraph.ShaderGraphLibrary", "Unity.RenderPipelines.ShaderGraph.ShaderGraphLibrary.csproj", "{EDDA53C1-7358-DEB0-68FA-B0F84CF5EE7F}"
EndProject
Project("{FAE04EC0-301F-11D3-BF4B-00C04F79EFBC}") = "Unity.InputSystem.ForUI", "Unity.InputSystem.ForUI.csproj", "{FC539240-D5BF-F4A6-9780-53FC19938619}"
EndProject
Project("{FAE04EC0-301F-11D3-BF4B-00C04F79EFBC}") = "Unity.InputSystem.TestFramework", "Unity.InputSystem.TestFramework.csproj", "{1AD92E42-0D83-D688-7DD8-543983A03155}"
EndProject
Project("{FAE04EC0-301F-11D3-BF4B-00C04F79EFBC}") = "Unity.RenderPipelines.Core.ShaderLibrary", "Unity.RenderPipelines.Core.ShaderLibrary.csproj", "{1CDFB2D5-537A-C6C0-2EA3-05FF6243723D}"
EndProject
Project("{FAE04EC0-301F-11D3-BF4B-00C04F79EFBC}") = "Unity.InternalAPIEngineBridge.001", "Unity.InternalAPIEngineBridge.001.csproj", "{835F4BA4-8F91-1DEE-81DA-CD478105B44E}"
EndProject
Project("{FAE04EC0-301F-11D3-BF4B-00C04F79EFBC}") = "Unity.RenderPipelines.Universal.Shaders", "Unity.RenderPipelines.Universal.Shaders.csproj", "{41E9FB35-786B-BD80-E5C0-DA83248AD77B}"
EndProject
Project("{FAE04EC0-301F-11D3-BF4B-00C04F79EFBC}") = "Unity.PlasticSCM.Editor", "Unity.PlasticSCM.Editor.csproj", "{94E5C635-C8D8-3A3D-82DD-B33C06F84597}"
EndProject
Project("{FAE04EC0-301F-11D3-BF4B-00C04F79EFBC}") = "Unity.VisualScripting.Core.Editor", "Unity.VisualScripting.Core.Editor.csproj", "{2C11F6A9-CBF7-2C5C-ED9E-AAE933A3B0AF}"
EndProject
Project("{FAE04EC0-301F-11D3-BF4B-00C04F79EFBC}") = "Unity.ShaderGraph.Editor", "Unity.ShaderGraph.Editor.csproj", "{113D12AB-5270-04CE-FE97-93992310CAE6}"
EndProject
Project("{FAE04EC0-301F-11D3-BF4B-00C04F79EFBC}") = "Unity.Timeline.Editor", "Unity.Timeline.Editor.csproj", "{50776B47-1E93-BB6E-030B-3C2D570CF884}"
EndProject
Project("{FAE04EC0-301F-11D3-BF4B-00C04F79EFBC}") = "Unity.Burst.CodeGen", "Unity.Burst.CodeGen.csproj", "{7205A921-9FD2-EEF3-5C03-A6CE38495803}"
EndProject
Project("{FAE04EC0-301F-11D3-BF4B-00C04F79EFBC}") = "Unity.RenderPipelines.Universal.Editor", "Unity.RenderPipelines.Universal.Editor.csproj", "{B68C34AD-3BBD-11F7-470C-56A5FE070F84}"
EndProject
Project("{FAE04EC0-301F-11D3-BF4B-00C04F79EFBC}") = "Unity.TextMeshPro.Editor", "Unity.TextMeshPro.Editor.csproj", "{14DFF50D-54E7-4BC4-DEAF-DECAC3EBE930}"
EndProject
Project("{FAE04EC0-301F-11D3-BF4B-00C04F79EFBC}") = "Unity.Burst.Editor", "Unity.Burst.Editor.csproj", "{2FB7B0A2-EE2C-5BDD-C6E9-6452F71B2CA9}"
EndProject
Project("{FAE04EC0-301F-11D3-BF4B-00C04F79EFBC}") = "Unity.2D.Animation.Editor", "Unity.2D.Animation.Editor.csproj", "{1A192D7E-297A-104D-E7F6-05EC50E32E8E}"
EndProject
Project("{FAE04EC0-301F-11D3-BF4B-00C04F79EFBC}") = "Unity.VisualScripting.SettingsProvider.Editor", "Unity.VisualScripting.SettingsProvider.Editor.csproj", "{D83828BD-FE24-A33F-D586-FA84E70A578D}"
EndProject
Project("{FAE04EC0-301F-11D3-BF4B-00C04F79EFBC}") = "UnityEditor.TestRunner", "UnityEditor.TestRunner.csproj", "{C5329438-725D-D614-D3A9-DBF3F8253280}"
EndProject
Project("{FAE04EC0-301F-11D3-BF4B-00C04F79EFBC}") = "Unity.2D.Tilemap.Editor", "Unity.2D.Tilemap.Editor.csproj", "{38D062B6-EE81-0B35-D644-417AE1FBB04F}"
EndProject
Project("{FAE04EC0-301F-11D3-BF4B-00C04F79EFBC}") = "Unity.VisualScripting.Flow.Editor", "Unity.VisualScripting.Flow.Editor.csproj", "{A1670878-83B7-5184-FDDF-6A0E144A2438}"
EndProject
Project("{FAE04EC0-301F-11D3-BF4B-00C04F79EFBC}") = "Unity.Rider.Editor", "Unity.Rider.Editor.csproj", "{BAAF83FA-57CD-7B5B-D0DF-81BE0402969F}"
EndProject
Project("{FAE04EC0-301F-11D3-BF4B-00C04F79EFBC}") = "Unity.2D.Aseprite.Editor", "Unity.2D.Aseprite.Editor.csproj", "{96027CC7-33AB-50BF-F1C7-1BF5A3EDD386}"
EndProject
Project("{FAE04EC0-301F-11D3-BF4B-00C04F79EFBC}") = "Unity.2D.Path.Editor", "Unity.2D.Path.Editor.csproj", "{140611CD-E054-0632-8BB3-4F7B9BFA6928}"
EndProject
Project("{FAE04EC0-301F-11D3-BF4B-00C04F79EFBC}") = "PsdPlugin", "PsdPlugin.csproj", "{EE446123-1FE2-B5B6-2002-054CD1FCC3E4}"
EndProject
Project("{FAE04EC0-301F-11D3-BF4B-00C04F79EFBC}") = "Unity.RenderPipelines.Core.Editor", "Unity.RenderPipelines.Core.Editor.csproj", "{4D25E214-A63F-EE03-693A-216A659623BB}"
EndProject
Project("{FAE04EC0-301F-11D3-BF4B-00C04F79EFBC}") = "Unity.2D.SpriteShape.Editor", "Unity.2D.SpriteShape.Editor.csproj", "{C3A2B06D-790C-38E4-DA5F-C77912207A13}"
EndProject
Project("{FAE04EC0-301F-11D3-BF4B-00C04F79EFBC}") = "Unity.2D.PixelPerfect.Editor", "Unity.2D.PixelPerfect.Editor.csproj", "{28473AD4-5047-8274-600B-F291E78FA666}"
EndProject
Project("{FAE04EC0-301F-11D3-BF4B-00C04F79EFBC}") = "Unity.VSCode.Editor", "Unity.VSCode.Editor.csproj", "{64966A8A-C2AD-DA5B-07B4-A689EB276B9D}"
EndProject
Project("{FAE04EC0-301F-11D3-BF4B-00C04F79EFBC}") = "Unity.VisualStudio.Editor", "Unity.VisualStudio.Editor.csproj", "{970B0308-8C4D-9D58-9BC4-3A2461D01A0E}"
EndProject
Project("{FAE04EC0-301F-11D3-BF4B-00C04F79EFBC}") = "PPv2URPConverters", "PPv2URPConverters.csproj", "{14AFAD99-983C-D84C-986F-AE952A1914D0}"
EndProject
Project("{FAE04EC0-301F-11D3-BF4B-00C04F79EFBC}") = "Unity.2D.Sprite.Editor", "Unity.2D.Sprite.Editor.csproj", "{08F04B40-B7ED-DDF9-8C11-2E35C1DA68D0}"
EndProject
Project("{FAE04EC0-301F-11D3-BF4B-00C04F79EFBC}") = "Unity.2D.Common.Editor", "Unity.2D.Common.Editor.csproj", "{9AB30CA1-ECBF-5F50-F155-A7A44AE8A81E}"
EndProject
Project("{FAE04EC0-301F-11D3-BF4B-00C04F79EFBC}") = "Unity.CollabProxy.Editor", "Unity.CollabProxy.Editor.csproj", "{02F09F81-7F37-5C46-42B2-75D37311F62F}"
EndProject
Project("{FAE04EC0-301F-11D3-BF4B-00C04F79EFBC}") = "Unity.2D.Psdimporter.Editor", "Unity.2D.Psdimporter.Editor.csproj", "{E59C92AB-5525-166C-6E5F-8296EE589092}"
EndProject
Project("{FAE04EC0-301F-11D3-BF4B-00C04F79EFBC}") = "Unity.VisualScripting.State.Editor", "Unity.VisualScripting.State.Editor.csproj", "{C21359DC-557A-B5E2-9F9A-87BD05292FFE}"
EndProject
Project("{FAE04EC0-301F-11D3-BF4B-00C04F79EFBC}") = "Unity.InternalAPIEditorBridge.001", "Unity.InternalAPIEditorBridge.001.csproj", "{1563EE44-B41B-8EA8-CE86-235584BA9351}"
EndProject
Project("{FAE04EC0-301F-11D3-BF4B-00C04F79EFBC}") = "UnityEditor.UI", "UnityEditor.UI.csproj", "{1C88D9B8-7E60-86E0-BEF5-8A9A0368CE6A}"
EndProject
Project("{FAE04EC0-301F-11D3-BF4B-00C04F79EFBC}") = "Unity.Searcher.Editor", "Unity.Searcher.Editor.csproj", "{B6555B85-1D34-389F-4B89-C4C60608469F}"
EndProject
Project("{FAE04EC0-301F-11D3-BF4B-00C04F79EFBC}") = "Unity.2D.IK.Editor", "Unity.2D.IK.Editor.csproj", "{5E26DF8C-7E98-C568-93DA-879B44D0F17B}"
EndProject
Project("{FAE04EC0-301F-11D3-BF4B-00C04F79EFBC}") = "Unity.ShaderGraph.Utilities", "Unity.ShaderGraph.Utilities.csproj", "{0280D51C-110B-4202-DFF0-5976648D5CD4}"
EndProject
Project("{FAE04EC0-301F-11D3-BF4B-00C04F79EFBC}") = "Unity.Mathematics.Editor", "Unity.Mathematics.Editor.csproj", "{C260BA0B-0837-E372-7BDB-E67A53CAF5BF}"
EndProject
Project("{FAE04EC0-301F-11D3-BF4B-00C04F79EFBC}") = "Unity.2D.Tilemap.Extras.Editor", "Unity.2D.Tilemap.Extras.Editor.csproj", "{F2594DDF-392A-9654-514F-71D4F323EB00}"
EndProject
Project("{FAE04EC0-301F-11D3-BF4B-00C04F79EFBC}") = "Unity.2D.Aseprite.Common", "Unity.2D.Aseprite.Common.csproj", "{A5C37AE9-CC28-8680-192C-5F0FE2DA273F}"
EndProject
Project("{FAE04EC0-301F-11D3-BF4B-00C04F79EFBC}") = "Unity.VisualScripting.Shared.Editor", "Unity.VisualScripting.Shared.Editor.csproj", "{5719E8D4-3671-B47D-5A2E-C0FF0C3A7F4C}"
EndProject
Global
	GlobalSection(SolutionConfigurationPlatforms) = preSolution
		Debug|Any CPU = Debug|Any CPU
		Release|Any CPU = Release|Any CPU
	EndGlobalSection
	GlobalSection(ProjectConfigurationPlatforms) = postSolution
		{FF18C473-2350-A95A-1235-0E3DB9422418}.Debug|Any CPU.ActiveCfg = Debug|Any CPU
		{FF18C473-2350-A95A-1235-0E3DB9422418}.Debug|Any CPU.Build.0 = Debug|Any CPU
		{FF18C473-2350-A95A-1235-0E3DB9422418}.Release|Any CPU.ActiveCfg = Release|Any CPU
		{FF18C473-2350-A95A-1235-0E3DB9422418}.Release|Any CPU.Build.0 = Release|Any CPU
		{5201DC76-DA3F-7272-4F8E-FA2A488F3ED2}.Debug|Any CPU.ActiveCfg = Debug|Any CPU
		{5201DC76-DA3F-7272-4F8E-FA2A488F3ED2}.Debug|Any CPU.Build.0 = Debug|Any CPU
		{5201DC76-DA3F-7272-4F8E-FA2A488F3ED2}.Release|Any CPU.ActiveCfg = Release|Any CPU
		{5201DC76-DA3F-7272-4F8E-FA2A488F3ED2}.Release|Any CPU.Build.0 = Release|Any CPU
		{CE50A288-C278-8834-1D15-F4D385148DC2}.Debug|Any CPU.ActiveCfg = Debug|Any CPU
		{CE50A288-C278-8834-1D15-F4D385148DC2}.Debug|Any CPU.Build.0 = Debug|Any CPU
		{CE50A288-C278-8834-1D15-F4D385148DC2}.Release|Any CPU.ActiveCfg = Release|Any CPU
		{CE50A288-C278-8834-1D15-F4D385148DC2}.Release|Any CPU.Build.0 = Release|Any CPU
		{0B0EF7AD-BC71-DF05-8172-C9BA6088C276}.Debug|Any CPU.ActiveCfg = Debug|Any CPU
		{0B0EF7AD-BC71-DF05-8172-C9BA6088C276}.Debug|Any CPU.Build.0 = Debug|Any CPU
		{0B0EF7AD-BC71-DF05-8172-C9BA6088C276}.Release|Any CPU.ActiveCfg = Release|Any CPU
		{0B0EF7AD-BC71-DF05-8172-C9BA6088C276}.Release|Any CPU.Build.0 = Release|Any CPU
		{CD3AED80-5B4E-3BA6-8EEA-3F739E3F495F}.Debug|Any CPU.ActiveCfg = Debug|Any CPU
		{CD3AED80-5B4E-3BA6-8EEA-3F739E3F495F}.Debug|Any CPU.Build.0 = Debug|Any CPU
		{CD3AED80-5B4E-3BA6-8EEA-3F739E3F495F}.Release|Any CPU.ActiveCfg = Release|Any CPU
		{CD3AED80-5B4E-3BA6-8EEA-3F739E3F495F}.Release|Any CPU.Build.0 = Release|Any CPU
		{5347F0A1-1031-C1C1-CF35-D97BAB99AD96}.Debug|Any CPU.ActiveCfg = Debug|Any CPU
		{5347F0A1-1031-C1C1-CF35-D97BAB99AD96}.Debug|Any CPU.Build.0 = Debug|Any CPU
		{5347F0A1-1031-C1C1-CF35-D97BAB99AD96}.Release|Any CPU.ActiveCfg = Release|Any CPU
		{5347F0A1-1031-C1C1-CF35-D97BAB99AD96}.Release|Any CPU.Build.0 = Release|Any CPU
		{90A5A5DF-B9D6-E8EF-1F96-39989E757C10}.Debug|Any CPU.ActiveCfg = Debug|Any CPU
		{90A5A5DF-B9D6-E8EF-1F96-39989E757C10}.Debug|Any CPU.Build.0 = Debug|Any CPU
		{90A5A5DF-B9D6-E8EF-1F96-39989E757C10}.Release|Any CPU.ActiveCfg = Release|Any CPU
		{90A5A5DF-B9D6-E8EF-1F96-39989E757C10}.Release|Any CPU.Build.0 = Release|Any CPU
		{03024883-B2E8-4ADC-3B73-EEB25FE6BCC0}.Debug|Any CPU.ActiveCfg = Debug|Any CPU
		{03024883-B2E8-4ADC-3B73-EEB25FE6BCC0}.Debug|Any CPU.Build.0 = Debug|Any CPU
		{03024883-B2E8-4ADC-3B73-EEB25FE6BCC0}.Release|Any CPU.ActiveCfg = Release|Any CPU
		{03024883-B2E8-4ADC-3B73-EEB25FE6BCC0}.Release|Any CPU.Build.0 = Release|Any CPU
		{7FFD98C0-D0CB-855D-5388-D6D57E91B8AC}.Debug|Any CPU.ActiveCfg = Debug|Any CPU
		{7FFD98C0-D0CB-855D-5388-D6D57E91B8AC}.Debug|Any CPU.Build.0 = Debug|Any CPU
		{7FFD98C0-D0CB-855D-5388-D6D57E91B8AC}.Release|Any CPU.ActiveCfg = Release|Any CPU
		{7FFD98C0-D0CB-855D-5388-D6D57E91B8AC}.Release|Any CPU.Build.0 = Release|Any CPU
		{03DEB7DE-8FA1-EC4C-08D2-B8675598D513}.Debug|Any CPU.ActiveCfg = Debug|Any CPU
		{03DEB7DE-8FA1-EC4C-08D2-B8675598D513}.Debug|Any CPU.Build.0 = Debug|Any CPU
		{03DEB7DE-8FA1-EC4C-08D2-B8675598D513}.Release|Any CPU.ActiveCfg = Release|Any CPU
		{03DEB7DE-8FA1-EC4C-08D2-B8675598D513}.Release|Any CPU.Build.0 = Release|Any CPU
		{D5F6D516-E763-CE4C-1BED-D45194A0F0C2}.Debug|Any CPU.ActiveCfg = Debug|Any CPU
		{D5F6D516-E763-CE4C-1BED-D45194A0F0C2}.Debug|Any CPU.Build.0 = Debug|Any CPU
		{D5F6D516-E763-CE4C-1BED-D45194A0F0C2}.Release|Any CPU.ActiveCfg = Release|Any CPU
		{D5F6D516-E763-CE4C-1BED-D45194A0F0C2}.Release|Any CPU.Build.0 = Release|Any CPU
		{9965DCF3-4152-4461-5C1C-237284604230}.Debug|Any CPU.ActiveCfg = Debug|Any CPU
		{9965DCF3-4152-4461-5C1C-237284604230}.Debug|Any CPU.Build.0 = Debug|Any CPU
		{9965DCF3-4152-4461-5C1C-237284604230}.Release|Any CPU.ActiveCfg = Release|Any CPU
		{9965DCF3-4152-4461-5C1C-237284604230}.Release|Any CPU.Build.0 = Release|Any CPU
		{1EB12D38-F5C4-DE45-4A0A-BAB1016E07D4}.Debug|Any CPU.ActiveCfg = Debug|Any CPU
		{1EB12D38-F5C4-DE45-4A0A-BAB1016E07D4}.Debug|Any CPU.Build.0 = Debug|Any CPU
		{1EB12D38-F5C4-DE45-4A0A-BAB1016E07D4}.Release|Any CPU.ActiveCfg = Release|Any CPU
		{1EB12D38-F5C4-DE45-4A0A-BAB1016E07D4}.Release|Any CPU.Build.0 = Release|Any CPU
		{D8F3A8EF-C700-FA4A-9F42-B06B84065BBC}.Debug|Any CPU.ActiveCfg = Debug|Any CPU
		{D8F3A8EF-C700-FA4A-9F42-B06B84065BBC}.Debug|Any CPU.Build.0 = Debug|Any CPU
		{D8F3A8EF-C700-FA4A-9F42-B06B84065BBC}.Release|Any CPU.ActiveCfg = Release|Any CPU
		{D8F3A8EF-C700-FA4A-9F42-B06B84065BBC}.Release|Any CPU.Build.0 = Release|Any CPU
		{90F7AC4D-59BC-374F-0648-3CC900561EE3}.Debug|Any CPU.ActiveCfg = Debug|Any CPU
		{90F7AC4D-59BC-374F-0648-3CC900561EE3}.Debug|Any CPU.Build.0 = Debug|Any CPU
		{90F7AC4D-59BC-374F-0648-3CC900561EE3}.Release|Any CPU.ActiveCfg = Release|Any CPU
		{90F7AC4D-59BC-374F-0648-3CC900561EE3}.Release|Any CPU.Build.0 = Release|Any CPU
		{101734D6-F17F-8338-D4F3-5B43EA52B1E6}.Debug|Any CPU.ActiveCfg = Debug|Any CPU
		{101734D6-F17F-8338-D4F3-5B43EA52B1E6}.Debug|Any CPU.Build.0 = Debug|Any CPU
		{101734D6-F17F-8338-D4F3-5B43EA52B1E6}.Release|Any CPU.ActiveCfg = Release|Any CPU
		{101734D6-F17F-8338-D4F3-5B43EA52B1E6}.Release|Any CPU.Build.0 = Release|Any CPU
		{A4CF536D-1B5D-313A-76F7-C6784EF2E07A}.Debug|Any CPU.ActiveCfg = Debug|Any CPU
		{A4CF536D-1B5D-313A-76F7-C6784EF2E07A}.Debug|Any CPU.Build.0 = Debug|Any CPU
		{A4CF536D-1B5D-313A-76F7-C6784EF2E07A}.Release|Any CPU.ActiveCfg = Release|Any CPU
		{A4CF536D-1B5D-313A-76F7-C6784EF2E07A}.Release|Any CPU.Build.0 = Release|Any CPU
		{F91A4FA8-1640-0729-416B-E52C731AB59E}.Debug|Any CPU.ActiveCfg = Debug|Any CPU
		{F91A4FA8-1640-0729-416B-E52C731AB59E}.Debug|Any CPU.Build.0 = Debug|Any CPU
		{F91A4FA8-1640-0729-416B-E52C731AB59E}.Release|Any CPU.ActiveCfg = Release|Any CPU
		{F91A4FA8-1640-0729-416B-E52C731AB59E}.Release|Any CPU.Build.0 = Release|Any CPU
		{AC2BF1A7-D7AD-68D6-96A3-863BB4851FFA}.Debug|Any CPU.ActiveCfg = Debug|Any CPU
		{AC2BF1A7-D7AD-68D6-96A3-863BB4851FFA}.Debug|Any CPU.Build.0 = Debug|Any CPU
		{AC2BF1A7-D7AD-68D6-96A3-863BB4851FFA}.Release|Any CPU.ActiveCfg = Release|Any CPU
		{AC2BF1A7-D7AD-68D6-96A3-863BB4851FFA}.Release|Any CPU.Build.0 = Release|Any CPU
		{7A6D1B63-689C-B2E4-67E4-9F7A3BF16636}.Debug|Any CPU.ActiveCfg = Debug|Any CPU
		{7A6D1B63-689C-B2E4-67E4-9F7A3BF16636}.Debug|Any CPU.Build.0 = Debug|Any CPU
		{7A6D1B63-689C-B2E4-67E4-9F7A3BF16636}.Release|Any CPU.ActiveCfg = Release|Any CPU
		{7A6D1B63-689C-B2E4-67E4-9F7A3BF16636}.Release|Any CPU.Build.0 = Release|Any CPU
		{EDDA53C1-7358-DEB0-68FA-B0F84CF5EE7F}.Debug|Any CPU.ActiveCfg = Debug|Any CPU
		{EDDA53C1-7358-DEB0-68FA-B0F84CF5EE7F}.Debug|Any CPU.Build.0 = Debug|Any CPU
		{EDDA53C1-7358-DEB0-68FA-B0F84CF5EE7F}.Release|Any CPU.ActiveCfg = Release|Any CPU
		{EDDA53C1-7358-DEB0-68FA-B0F84CF5EE7F}.Release|Any CPU.Build.0 = Release|Any CPU
		{FC539240-D5BF-F4A6-9780-53FC19938619}.Debug|Any CPU.ActiveCfg = Debug|Any CPU
		{FC539240-D5BF-F4A6-9780-53FC19938619}.Debug|Any CPU.Build.0 = Debug|Any CPU
		{FC539240-D5BF-F4A6-9780-53FC19938619}.Release|Any CPU.ActiveCfg = Release|Any CPU
		{FC539240-D5BF-F4A6-9780-53FC19938619}.Release|Any CPU.Build.0 = Release|Any CPU
		{1AD92E42-0D83-D688-7DD8-543983A03155}.Debug|Any CPU.ActiveCfg = Debug|Any CPU
		{1AD92E42-0D83-D688-7DD8-543983A03155}.Debug|Any CPU.Build.0 = Debug|Any CPU
		{1AD92E42-0D83-D688-7DD8-543983A03155}.Release|Any CPU.ActiveCfg = Release|Any CPU
		{1AD92E42-0D83-D688-7DD8-543983A03155}.Release|Any CPU.Build.0 = Release|Any CPU
		{1CDFB2D5-537A-C6C0-2EA3-05FF6243723D}.Debug|Any CPU.ActiveCfg = Debug|Any CPU
		{1CDFB2D5-537A-C6C0-2EA3-05FF6243723D}.Debug|Any CPU.Build.0 = Debug|Any CPU
		{1CDFB2D5-537A-C6C0-2EA3-05FF6243723D}.Release|Any CPU.ActiveCfg = Release|Any CPU
		{1CDFB2D5-537A-C6C0-2EA3-05FF6243723D}.Release|Any CPU.Build.0 = Release|Any CPU
		{835F4BA4-8F91-1DEE-81DA-CD478105B44E}.Debug|Any CPU.ActiveCfg = Debug|Any CPU
		{835F4BA4-8F91-1DEE-81DA-CD478105B44E}.Debug|Any CPU.Build.0 = Debug|Any CPU
		{835F4BA4-8F91-1DEE-81DA-CD478105B44E}.Release|Any CPU.ActiveCfg = Release|Any CPU
		{835F4BA4-8F91-1DEE-81DA-CD478105B44E}.Release|Any CPU.Build.0 = Release|Any CPU
		{41E9FB35-786B-BD80-E5C0-DA83248AD77B}.Debug|Any CPU.ActiveCfg = Debug|Any CPU
		{41E9FB35-786B-BD80-E5C0-DA83248AD77B}.Debug|Any CPU.Build.0 = Debug|Any CPU
		{41E9FB35-786B-BD80-E5C0-DA83248AD77B}.Release|Any CPU.ActiveCfg = Release|Any CPU
		{41E9FB35-786B-BD80-E5C0-DA83248AD77B}.Release|Any CPU.Build.0 = Release|Any CPU
		{94E5C635-C8D8-3A3D-82DD-B33C06F84597}.Debug|Any CPU.ActiveCfg = Debug|Any CPU
		{94E5C635-C8D8-3A3D-82DD-B33C06F84597}.Debug|Any CPU.Build.0 = Debug|Any CPU
		{94E5C635-C8D8-3A3D-82DD-B33C06F84597}.Release|Any CPU.ActiveCfg = Release|Any CPU
		{94E5C635-C8D8-3A3D-82DD-B33C06F84597}.Release|Any CPU.Build.0 = Release|Any CPU
		{2C11F6A9-CBF7-2C5C-ED9E-AAE933A3B0AF}.Debug|Any CPU.ActiveCfg = Debug|Any CPU
		{2C11F6A9-CBF7-2C5C-ED9E-AAE933A3B0AF}.Debug|Any CPU.Build.0 = Debug|Any CPU
		{2C11F6A9-CBF7-2C5C-ED9E-AAE933A3B0AF}.Release|Any CPU.ActiveCfg = Release|Any CPU
		{2C11F6A9-CBF7-2C5C-ED9E-AAE933A3B0AF}.Release|Any CPU.Build.0 = Release|Any CPU
		{113D12AB-5270-04CE-FE97-93992310CAE6}.Debug|Any CPU.ActiveCfg = Debug|Any CPU
		{113D12AB-5270-04CE-FE97-93992310CAE6}.Debug|Any CPU.Build.0 = Debug|Any CPU
		{113D12AB-5270-04CE-FE97-93992310CAE6}.Release|Any CPU.ActiveCfg = Release|Any CPU
		{113D12AB-5270-04CE-FE97-93992310CAE6}.Release|Any CPU.Build.0 = Release|Any CPU
		{50776B47-1E93-BB6E-030B-3C2D570CF884}.Debug|Any CPU.ActiveCfg = Debug|Any CPU
		{50776B47-1E93-BB6E-030B-3C2D570CF884}.Debug|Any CPU.Build.0 = Debug|Any CPU
		{50776B47-1E93-BB6E-030B-3C2D570CF884}.Release|Any CPU.ActiveCfg = Release|Any CPU
		{50776B47-1E93-BB6E-030B-3C2D570CF884}.Release|Any CPU.Build.0 = Release|Any CPU
		{7205A921-9FD2-EEF3-5C03-A6CE38495803}.Debug|Any CPU.ActiveCfg = Debug|Any CPU
		{7205A921-9FD2-EEF3-5C03-A6CE38495803}.Debug|Any CPU.Build.0 = Debug|Any CPU
		{7205A921-9FD2-EEF3-5C03-A6CE38495803}.Release|Any CPU.ActiveCfg = Release|Any CPU
		{7205A921-9FD2-EEF3-5C03-A6CE38495803}.Release|Any CPU.Build.0 = Release|Any CPU
		{B68C34AD-3BBD-11F7-470C-56A5FE070F84}.Debug|Any CPU.ActiveCfg = Debug|Any CPU
		{B68C34AD-3BBD-11F7-470C-56A5FE070F84}.Debug|Any CPU.Build.0 = Debug|Any CPU
		{B68C34AD-3BBD-11F7-470C-56A5FE070F84}.Release|Any CPU.ActiveCfg = Release|Any CPU
		{B68C34AD-3BBD-11F7-470C-56A5FE070F84}.Release|Any CPU.Build.0 = Release|Any CPU
		{14DFF50D-54E7-4BC4-DEAF-DECAC3EBE930}.Debug|Any CPU.ActiveCfg = Debug|Any CPU
		{14DFF50D-54E7-4BC4-DEAF-DECAC3EBE930}.Debug|Any CPU.Build.0 = Debug|Any CPU
		{14DFF50D-54E7-4BC4-DEAF-DECAC3EBE930}.Release|Any CPU.ActiveCfg = Release|Any CPU
		{14DFF50D-54E7-4BC4-DEAF-DECAC3EBE930}.Release|Any CPU.Build.0 = Release|Any CPU
		{2FB7B0A2-EE2C-5BDD-C6E9-6452F71B2CA9}.Debug|Any CPU.ActiveCfg = Debug|Any CPU
		{2FB7B0A2-EE2C-5BDD-C6E9-6452F71B2CA9}.Debug|Any CPU.Build.0 = Debug|Any CPU
		{2FB7B0A2-EE2C-5BDD-C6E9-6452F71B2CA9}.Release|Any CPU.ActiveCfg = Release|Any CPU
		{2FB7B0A2-EE2C-5BDD-C6E9-6452F71B2CA9}.Release|Any CPU.Build.0 = Release|Any CPU
		{1A192D7E-297A-104D-E7F6-05EC50E32E8E}.Debug|Any CPU.ActiveCfg = Debug|Any CPU
		{1A192D7E-297A-104D-E7F6-05EC50E32E8E}.Debug|Any CPU.Build.0 = Debug|Any CPU
		{1A192D7E-297A-104D-E7F6-05EC50E32E8E}.Release|Any CPU.ActiveCfg = Release|Any CPU
		{1A192D7E-297A-104D-E7F6-05EC50E32E8E}.Release|Any CPU.Build.0 = Release|Any CPU
		{D83828BD-FE24-A33F-D586-FA84E70A578D}.Debug|Any CPU.ActiveCfg = Debug|Any CPU
		{D83828BD-FE24-A33F-D586-FA84E70A578D}.Debug|Any CPU.Build.0 = Debug|Any CPU
		{D83828BD-FE24-A33F-D586-FA84E70A578D}.Release|Any CPU.ActiveCfg = Release|Any CPU
		{D83828BD-FE24-A33F-D586-FA84E70A578D}.Release|Any CPU.Build.0 = Release|Any CPU
		{C5329438-725D-D614-D3A9-DBF3F8253280}.Debug|Any CPU.ActiveCfg = Debug|Any CPU
		{C5329438-725D-D614-D3A9-DBF3F8253280}.Debug|Any CPU.Build.0 = Debug|Any CPU
		{C5329438-725D-D614-D3A9-DBF3F8253280}.Release|Any CPU.ActiveCfg = Release|Any CPU
		{C5329438-725D-D614-D3A9-DBF3F8253280}.Release|Any CPU.Build.0 = Release|Any CPU
		{38D062B6-EE81-0B35-D644-417AE1FBB04F}.Debug|Any CPU.ActiveCfg = Debug|Any CPU
		{38D062B6-EE81-0B35-D644-417AE1FBB04F}.Debug|Any CPU.Build.0 = Debug|Any CPU
		{38D062B6-EE81-0B35-D644-417AE1FBB04F}.Release|Any CPU.ActiveCfg = Release|Any CPU
		{38D062B6-EE81-0B35-D644-417AE1FBB04F}.Release|Any CPU.Build.0 = Release|Any CPU
		{A1670878-83B7-5184-FDDF-6A0E144A2438}.Debug|Any CPU.ActiveCfg = Debug|Any CPU
		{A1670878-83B7-5184-FDDF-6A0E144A2438}.Debug|Any CPU.Build.0 = Debug|Any CPU
		{A1670878-83B7-5184-FDDF-6A0E144A2438}.Release|Any CPU.ActiveCfg = Release|Any CPU
		{A1670878-83B7-5184-FDDF-6A0E144A2438}.Release|Any CPU.Build.0 = Release|Any CPU
		{BAAF83FA-57CD-7B5B-D0DF-81BE0402969F}.Debug|Any CPU.ActiveCfg = Debug|Any CPU
		{BAAF83FA-57CD-7B5B-D0DF-81BE0402969F}.Debug|Any CPU.Build.0 = Debug|Any CPU
		{BAAF83FA-57CD-7B5B-D0DF-81BE0402969F}.Release|Any CPU.ActiveCfg = Release|Any CPU
		{BAAF83FA-57CD-7B5B-D0DF-81BE0402969F}.Release|Any CPU.Build.0 = Release|Any CPU
		{96027CC7-33AB-50BF-F1C7-1BF5A3EDD386}.Debug|Any CPU.ActiveCfg = Debug|Any CPU
		{96027CC7-33AB-50BF-F1C7-1BF5A3EDD386}.Debug|Any CPU.Build.0 = Debug|Any CPU
		{96027CC7-33AB-50BF-F1C7-1BF5A3EDD386}.Release|Any CPU.ActiveCfg = Release|Any CPU
		{96027CC7-33AB-50BF-F1C7-1BF5A3EDD386}.Release|Any CPU.Build.0 = Release|Any CPU
		{140611CD-E054-0632-8BB3-4F7B9BFA6928}.Debug|Any CPU.ActiveCfg = Debug|Any CPU
		{140611CD-E054-0632-8BB3-4F7B9BFA6928}.Debug|Any CPU.Build.0 = Debug|Any CPU
		{140611CD-E054-0632-8BB3-4F7B9BFA6928}.Release|Any CPU.ActiveCfg = Release|Any CPU
		{140611CD-E054-0632-8BB3-4F7B9BFA6928}.Release|Any CPU.Build.0 = Release|Any CPU
		{EE446123-1FE2-B5B6-2002-054CD1FCC3E4}.Debug|Any CPU.ActiveCfg = Debug|Any CPU
		{EE446123-1FE2-B5B6-2002-054CD1FCC3E4}.Debug|Any CPU.Build.0 = Debug|Any CPU
		{EE446123-1FE2-B5B6-2002-054CD1FCC3E4}.Release|Any CPU.ActiveCfg = Release|Any CPU
		{EE446123-1FE2-B5B6-2002-054CD1FCC3E4}.Release|Any CPU.Build.0 = Release|Any CPU
		{4D25E214-A63F-EE03-693A-216A659623BB}.Debug|Any CPU.ActiveCfg = Debug|Any CPU
		{4D25E214-A63F-EE03-693A-216A659623BB}.Debug|Any CPU.Build.0 = Debug|Any CPU
		{4D25E214-A63F-EE03-693A-216A659623BB}.Release|Any CPU.ActiveCfg = Release|Any CPU
		{4D25E214-A63F-EE03-693A-216A659623BB}.Release|Any CPU.Build.0 = Release|Any CPU
		{C3A2B06D-790C-38E4-DA5F-C77912207A13}.Debug|Any CPU.ActiveCfg = Debug|Any CPU
		{C3A2B06D-790C-38E4-DA5F-C77912207A13}.Debug|Any CPU.Build.0 = Debug|Any CPU
		{C3A2B06D-790C-38E4-DA5F-C77912207A13}.Release|Any CPU.ActiveCfg = Release|Any CPU
		{C3A2B06D-790C-38E4-DA5F-C77912207A13}.Release|Any CPU.Build.0 = Release|Any CPU
		{28473AD4-5047-8274-600B-F291E78FA666}.Debug|Any CPU.ActiveCfg = Debug|Any CPU
		{28473AD4-5047-8274-600B-F291E78FA666}.Debug|Any CPU.Build.0 = Debug|Any CPU
		{28473AD4-5047-8274-600B-F291E78FA666}.Release|Any CPU.ActiveCfg = Release|Any CPU
		{28473AD4-5047-8274-600B-F291E78FA666}.Release|Any CPU.Build.0 = Release|Any CPU
		{64966A8A-C2AD-DA5B-07B4-A689EB276B9D}.Debug|Any CPU.ActiveCfg = Debug|Any CPU
		{64966A8A-C2AD-DA5B-07B4-A689EB276B9D}.Debug|Any CPU.Build.0 = Debug|Any CPU
		{64966A8A-C2AD-DA5B-07B4-A689EB276B9D}.Release|Any CPU.ActiveCfg = Release|Any CPU
		{64966A8A-C2AD-DA5B-07B4-A689EB276B9D}.Release|Any CPU.Build.0 = Release|Any CPU
		{970B0308-8C4D-9D58-9BC4-3A2461D01A0E}.Debug|Any CPU.ActiveCfg = Debug|Any CPU
		{970B0308-8C4D-9D58-9BC4-3A2461D01A0E}.Debug|Any CPU.Build.0 = Debug|Any CPU
		{970B0308-8C4D-9D58-9BC4-3A2461D01A0E}.Release|Any CPU.ActiveCfg = Release|Any CPU
		{970B0308-8C4D-9D58-9BC4-3A2461D01A0E}.Release|Any CPU.Build.0 = Release|Any CPU
		{14AFAD99-983C-D84C-986F-AE952A1914D0}.Debug|Any CPU.ActiveCfg = Debug|Any CPU
		{14AFAD99-983C-D84C-986F-AE952A1914D0}.Debug|Any CPU.Build.0 = Debug|Any CPU
		{14AFAD99-983C-D84C-986F-AE952A1914D0}.Release|Any CPU.ActiveCfg = Release|Any CPU
		{14AFAD99-983C-D84C-986F-AE952A1914D0}.Release|Any CPU.Build.0 = Release|Any CPU
		{08F04B40-B7ED-DDF9-8C11-2E35C1DA68D0}.Debug|Any CPU.ActiveCfg = Debug|Any CPU
		{08F04B40-B7ED-DDF9-8C11-2E35C1DA68D0}.Debug|Any CPU.Build.0 = Debug|Any CPU
		{08F04B40-B7ED-DDF9-8C11-2E35C1DA68D0}.Release|Any CPU.ActiveCfg = Release|Any CPU
		{08F04B40-B7ED-DDF9-8C11-2E35C1DA68D0}.Release|Any CPU.Build.0 = Release|Any CPU
		{9AB30CA1-ECBF-5F50-F155-A7A44AE8A81E}.Debug|Any CPU.ActiveCfg = Debug|Any CPU
		{9AB30CA1-ECBF-5F50-F155-A7A44AE8A81E}.Debug|Any CPU.Build.0 = Debug|Any CPU
		{9AB30CA1-ECBF-5F50-F155-A7A44AE8A81E}.Release|Any CPU.ActiveCfg = Release|Any CPU
		{9AB30CA1-ECBF-5F50-F155-A7A44AE8A81E}.Release|Any CPU.Build.0 = Release|Any CPU
		{02F09F81-7F37-5C46-42B2-75D37311F62F}.Debug|Any CPU.ActiveCfg = Debug|Any CPU
		{02F09F81-7F37-5C46-42B2-75D37311F62F}.Debug|Any CPU.Build.0 = Debug|Any CPU
		{02F09F81-7F37-5C46-42B2-75D37311F62F}.Release|Any CPU.ActiveCfg = Release|Any CPU
		{02F09F81-7F37-5C46-42B2-75D37311F62F}.Release|Any CPU.Build.0 = Release|Any CPU
		{E59C92AB-5525-166C-6E5F-8296EE589092}.Debug|Any CPU.ActiveCfg = Debug|Any CPU
		{E59C92AB-5525-166C-6E5F-8296EE589092}.Debug|Any CPU.Build.0 = Debug|Any CPU
		{E59C92AB-5525-166C-6E5F-8296EE589092}.Release|Any CPU.ActiveCfg = Release|Any CPU
		{E59C92AB-5525-166C-6E5F-8296EE589092}.Release|Any CPU.Build.0 = Release|Any CPU
		{C21359DC-557A-B5E2-9F9A-87BD05292FFE}.Debug|Any CPU.ActiveCfg = Debug|Any CPU
		{C21359DC-557A-B5E2-9F9A-87BD05292FFE}.Debug|Any CPU.Build.0 = Debug|Any CPU
		{C21359DC-557A-B5E2-9F9A-87BD05292FFE}.Release|Any CPU.ActiveCfg = Release|Any CPU
		{C21359DC-557A-B5E2-9F9A-87BD05292FFE}.Release|Any CPU.Build.0 = Release|Any CPU
		{1563EE44-B41B-8EA8-CE86-235584BA9351}.Debug|Any CPU.ActiveCfg = Debug|Any CPU
		{1563EE44-B41B-8EA8-CE86-235584BA9351}.Debug|Any CPU.Build.0 = Debug|Any CPU
		{1563EE44-B41B-8EA8-CE86-235584BA9351}.Release|Any CPU.ActiveCfg = Release|Any CPU
		{1563EE44-B41B-8EA8-CE86-235584BA9351}.Release|Any CPU.Build.0 = Release|Any CPU
		{1C88D9B8-7E60-86E0-BEF5-8A9A0368CE6A}.Debug|Any CPU.ActiveCfg = Debug|Any CPU
		{1C88D9B8-7E60-86E0-BEF5-8A9A0368CE6A}.Debug|Any CPU.Build.0 = Debug|Any CPU
		{1C88D9B8-7E60-86E0-BEF5-8A9A0368CE6A}.Release|Any CPU.ActiveCfg = Release|Any CPU
		{1C88D9B8-7E60-86E0-BEF5-8A9A0368CE6A}.Release|Any CPU.Build.0 = Release|Any CPU
		{B6555B85-1D34-389F-4B89-C4C60608469F}.Debug|Any CPU.ActiveCfg = Debug|Any CPU
		{B6555B85-1D34-389F-4B89-C4C60608469F}.Debug|Any CPU.Build.0 = Debug|Any CPU
		{B6555B85-1D34-389F-4B89-C4C60608469F}.Release|Any CPU.ActiveCfg = Release|Any CPU
		{B6555B85-1D34-389F-4B89-C4C60608469F}.Release|Any CPU.Build.0 = Release|Any CPU
		{5E26DF8C-7E98-C568-93DA-879B44D0F17B}.Debug|Any CPU.ActiveCfg = Debug|Any CPU
		{5E26DF8C-7E98-C568-93DA-879B44D0F17B}.Debug|Any CPU.Build.0 = Debug|Any CPU
		{5E26DF8C-7E98-C568-93DA-879B44D0F17B}.Release|Any CPU.ActiveCfg = Release|Any CPU
		{5E26DF8C-7E98-C568-93DA-879B44D0F17B}.Release|Any CPU.Build.0 = Release|Any CPU
		{0280D51C-110B-4202-DFF0-5976648D5CD4}.Debug|Any CPU.ActiveCfg = Debug|Any CPU
		{0280D51C-110B-4202-DFF0-5976648D5CD4}.Debug|Any CPU.Build.0 = Debug|Any CPU
		{0280D51C-110B-4202-DFF0-5976648D5CD4}.Release|Any CPU.ActiveCfg = Release|Any CPU
		{0280D51C-110B-4202-DFF0-5976648D5CD4}.Release|Any CPU.Build.0 = Release|Any CPU
		{C260BA0B-0837-E372-7BDB-E67A53CAF5BF}.Debug|Any CPU.ActiveCfg = Debug|Any CPU
		{C260BA0B-0837-E372-7BDB-E67A53CAF5BF}.Debug|Any CPU.Build.0 = Debug|Any CPU
		{C260BA0B-0837-E372-7BDB-E67A53CAF5BF}.Release|Any CPU.ActiveCfg = Release|Any CPU
		{C260BA0B-0837-E372-7BDB-E67A53CAF5BF}.Release|Any CPU.Build.0 = Release|Any CPU
		{F2594DDF-392A-9654-514F-71D4F323EB00}.Debug|Any CPU.ActiveCfg = Debug|Any CPU
		{F2594DDF-392A-9654-514F-71D4F323EB00}.Debug|Any CPU.Build.0 = Debug|Any CPU
		{F2594DDF-392A-9654-514F-71D4F323EB00}.Release|Any CPU.ActiveCfg = Release|Any CPU
		{F2594DDF-392A-9654-514F-71D4F323EB00}.Release|Any CPU.Build.0 = Release|Any CPU
		{A5C37AE9-CC28-8680-192C-5F0FE2DA273F}.Debug|Any CPU.ActiveCfg = Debug|Any CPU
		{A5C37AE9-CC28-8680-192C-5F0FE2DA273F}.Debug|Any CPU.Build.0 = Debug|Any CPU
		{A5C37AE9-CC28-8680-192C-5F0FE2DA273F}.Release|Any CPU.ActiveCfg = Release|Any CPU
		{A5C37AE9-CC28-8680-192C-5F0FE2DA273F}.Release|Any CPU.Build.0 = Release|Any CPU
		{5719E8D4-3671-B47D-5A2E-C0FF0C3A7F4C}.Debug|Any CPU.ActiveCfg = Debug|Any CPU
		{5719E8D4-3671-B47D-5A2E-C0FF0C3A7F4C}.Debug|Any CPU.Build.0 = Debug|Any CPU
		{5719E8D4-3671-B47D-5A2E-C0FF0C3A7F4C}.Release|Any CPU.ActiveCfg = Release|Any CPU
		{5719E8D4-3671-B47D-5A2E-C0FF0C3A7F4C}.Release|Any CPU.Build.0 = Release|Any CPU
	EndGlobalSection
	GlobalSection(SolutionProperties) = preSolution
		HideSolutionNode = FALSE
	EndGlobalSection
EndGlobal
